
Microsoft Visual Studio Solution File, Format Version 12.00
Project("{FAE04EC0-301F-11D3-BF4B-00C04F79EFBC}") = "TestConsoleApplication1", "TestConsoleApplication1\TestConsoleApplication1.csproj", "{29553EC7-0CEA-41C0-B672-F1E0F374EA22}"
EndProject
Global
	GlobalSection(SolutionConfigurationPlatforms) = preSolution
		Debug|Any CPU = Debug|Any CPU
		Release|Any CPU = Release|Any CPU
	EndGlobalSection
	GlobalSection(ProjectConfigurationPlatforms) = postSolution
		{29553EC7-0CEA-41C0-B672-F1E0F374EA22}.Debug|Any CPU.ActiveCfg = Debug|Any CPU
		{29553EC7-0CEA-41C0-B672-F1E0F374EA22}.Debug|Any CPU.Build.0 = Debug|Any CPU
		{29553EC7-0CEA-41C0-B672-F1E0F374EA22}.Release|Any CPU.ActiveCfg = Release|Any CPU
		{29553EC7-0CEA-41C0-B672-F1E0F374EA22}.Release|Any CPU.Build.0 = Release|Any CPU
	EndGlobalSection
EndGlobal
